{
  "requires": true,
  "lockfileVersion": 1,
  "dependencies": {
    "argparse": {
      "version": "1.0.10",
      "resolved": "https://registry.npmjs.org/argparse/-/argparse-1.0.10.tgz",
      "integrity": "sha512-o5Roy6tNG4SL/FOkCAN6RzjiakZS25RLYFrcMttJqbdd8BWrnA+fGz57iN5Pb06pvBGvl5gQ0B48dJlslXvoTg==",
      "requires": {
        "sprintf-js": "~1.0.2"
      }
    },
    "async": {
      "version": "1.4.2",
      "resolved": "https://registry.npmjs.org/async/-/async-1.4.2.tgz",
      "integrity": "sha512-O4fvy4JjdS0Q8MYH4jOODxJdXGbZ61eqfXdmfFDloHSnWoggxkn/+xWbh2eQbmQ6pJNliaravcTK1iQMpW9k4Q=="
    },
    "esprima": {
      "version": "2.7.3",
      "resolved": "https://registry.npmjs.org/esprima/-/esprima-2.7.3.tgz",
      "integrity": "sha512-OarPfz0lFCiW4/AV2Oy1Rp9qu0iusTKqykwTspGCZtPxmF81JR4MmIebvF1F9+UOKth2ZubLQ4XGGaU+hSn99A=="
    },
    "inherit": {
      "version": "2.2.7",
      "resolved": "https://registry.npmjs.org/inherit/-/inherit-2.2.7.tgz",
      "integrity": "sha512-dxJmC1j0Q32NFAjvbd6g3lXYLZ49HgzotgbSMwMkoiTXGhC9412Oc24g7A7M9cPPkw/vDsF2cSII+2zJwocUtQ=="
    },
    "js-yaml": {
      "version": "3.4.6",
      "resolved": "https://registry.npmjs.org/js-yaml/-/js-yaml-3.4.6.tgz",
      "integrity": "sha512-k9JCHDD9Hefc/S1BhsZTHO93mgZ6Z6VrGrZnGLf1pm1KAFhKjERum6v/4Exk8q9MkQyTRKIqlF+IM0BAPxLduw==",
      "requires": {
        "argparse": "^1.0.2",
        "esprima": "^2.6.0",
        "inherit": "^2.2.2"
      }
    },
    "json5": {
      "version": "0.4.0",
      "resolved": "https://registry.npmjs.org/json5/-/json5-0.4.0.tgz",
      "integrity": "sha512-5EEuuI7oad0d6c2PcrTRLoLH2JNuI/aJxHsVT2hVFK6fKHu+MXONdhzzzNAlb3JXMeuN1o+kDU78fV1YH6VmKQ=="
    },
    "lodash": {
      "version": "3.10.1",
      "resolved": "https://registry.npmjs.org/lodash/-/lodash-3.10.1.tgz",
      "integrity": "sha512-9mDDwqVIma6OZX79ZlDACZl8sBm0TEnkf99zV3iMA4GzkIT/9hiqP5mY0HoT1iNLCrKc/R1HByV+yJfRWVJryQ=="
    },
    "properties": {
      "version": "1.2.1",
      "resolved": "https://registry.npmjs.org/properties/-/properties-1.2.1.tgz",
      "integrity": "sha512-qYNxyMj1JeW54i/EWEFsM1cVwxJbtgPp8+0Wg9XjNaK6VE/c4oRi6PNu5p7w1mNXEIQIjV5Wwn8v8Gz82/QzdQ=="
    },
    "read-config": {
      "version": "1.6.0",
      "resolved": "https://registry.npmjs.org/read-config/-/read-config-1.6.0.tgz",
      "integrity": "sha512-qKDy+1Oo3m33kuJ1cKI+lJgum/k628qs2IPVovsWF+MPiVxVNSy8WksJrD+PjHWasbQl0jBKIGnbivEk1+OYng==",
      "requires": {
        "async": "~1.4.2",
        "js-yaml": "~3.4.0",
        "json5": "~0.4.0",
        "lodash": "^3.10.1",
        "properties": "~1.2.1"
      }
    },
    "sprintf-js": {
      "version": "1.0.3",
      "resolved": "https://registry.npmjs.org/sprintf-js/-/sprintf-js-1.0.3.tgz",
      "integrity": "sha512-D9cPgkvLlV3t3IzL0D0YLvGA9Ahk4PcvVwUbN0dSGr1aP0Nrt4AEnTUbuGvquEC0mA64Gqt1fzirlRs5ibXx8g=="
    }
  }
}
